
Microsoft Visual Studio Solution File, Format Version 12.00
# Visual Studio Version 16
VisualStudioVersion = 16.0.29306.81
MinimumVisualStudioVersion = 10.0.40219.1
Project("{FAE04EC0-301F-11D3-BF4B-00C04F79EFBC}") = "May", "May\May.csproj", "{397C2C30-4C09-4E59-BF01-D03477E2161C}"
EndProject
Global
	GlobalSection(SolutionConfigurationPlatforms) = preSolution
		Debug|Any CPU = Debug|Any CPU
		Debug|x64 = Debug|x64
		Debug|x86 = Debug|x86
		Release|Any CPU = Release|Any CPU
		Release|x64 = Release|x64
		Release|x86 = Release|x86
	EndGlobalSection
	GlobalSection(ProjectConfigurationPlatforms) = postSolution
		{397C2C30-4C09-4E59-BF01-D03477E2161C}.Debug|Any CPU.ActiveCfg = Debug|Any CPU
		{397C2C30-4C09-4E59-BF01-D03477E2161C}.Debug|Any CPU.Build.0 = Debug|Any CPU
		{397C2C30-4C09-4E59-BF01-D03477E2161C}.Debug|x64.ActiveCfg = Debug|x64
		{397C2C30-4C09-4E59-BF01-D03477E2161C}.Debug|x64.Build.0 = Debug|x64
		{397C2C30-4C09-4E59-BF01-D03477E2161C}.Debug|x86.ActiveCfg = Debug|x86
		{397C2C30-4C09-4E59-BF01-D03477E2161C}.Debug|x86.Build.0 = Debug|x86
		{397C2C30-4C09-4E59-BF01-D03477E2161C}.Release|Any CPU.ActiveCfg = Release|Any CPU
		{397C2C30-4C09-4E59-BF01-D03477E2161C}.Release|Any CPU.Build.0 = Release|Any CPU
		{397C2C30-4C09-4E59-BF01-D03477E2161C}.Release|x64.ActiveCfg = Release|x64
		{397C2C30-4C09-4E59-BF01-D03477E2161C}.Release|x64.Build.0 = Release|x64
		{397C2C30-4C09-4E59-BF01-D03477E2161C}.Release|x86.ActiveCfg = Release|x86
		{397C2C30-4C09-4E59-BF01-D03477E2161C}.Release|x86.Build.0 = Release|x86
	EndGlobalSection
	GlobalSection(SolutionProperties) = preSolution
		HideSolutionNode = FALSE
	EndGlobalSection
	GlobalSection(ExtensibilityGlobals) = postSolution
		SolutionGuid = {A8FF7038-F4F9-4325-9B2B-8DAFEA5ADEA3}
	EndGlobalSection
EndGlobal
